
Microsoft Visual Studio Solution File, Format Version 12.00
# Visual Studio 15
Project("{FAE04EC0-301F-11D3-BF4B-00C04F79EFBC}") = "Assembly-CSharp", "Assembly-CSharp.csproj", "{59C00BC3-066B-24D3-B10C-C1EEA0F35525}"
EndProject
Project("{FAE04EC0-301F-11D3-BF4B-00C04F79EFBC}") = "Assembly-CSharp-firstpass", "Assembly-CSharp-firstpass.csproj", "{14983513-05AC-1E1A-4DFA-E13DF48F796E}"
EndProject
Project("{FAE04EC0-301F-11D3-BF4B-00C04F79EFBC}") = "Assembly-CSharp-Editor", "Assembly-CSharp-Editor.csproj", "{319EB391-C77B-1004-A5CD-6F7A0E3FAB1A}"
EndProject
Global
	GlobalSection(SolutionConfigurationPlatforms) = preSolution
		Debug|Any CPU = Debug|Any CPU
		Release|Any CPU = Release|Any CPU
	EndGlobalSection
	GlobalSection(ProjectConfigurationPlatforms) = postSolution
		{59C00BC3-066B-24D3-B10C-C1EEA0F35525}.Debug|Any CPU.ActiveCfg = Debug|Any CPU
		{59C00BC3-066B-24D3-B10C-C1EEA0F35525}.Debug|Any CPU.Build.0 = Debug|Any CPU
		{59C00BC3-066B-24D3-B10C-C1EEA0F35525}.Release|Any CPU.ActiveCfg = Release|Any CPU
		{59C00BC3-066B-24D3-B10C-C1EEA0F35525}.Release|Any CPU.Build.0 = Release|Any CPU
		{14983513-05AC-1E1A-4DFA-E13DF48F796E}.Debug|Any CPU.ActiveCfg = Debug|Any CPU
		{14983513-05AC-1E1A-4DFA-E13DF48F796E}.Debug|Any CPU.Build.0 = Debug|Any CPU
		{14983513-05AC-1E1A-4DFA-E13DF48F796E}.Release|Any CPU.ActiveCfg = Release|Any CPU
		{14983513-05AC-1E1A-4DFA-E13DF48F796E}.Release|Any CPU.Build.0 = Release|Any CPU
		{319EB391-C77B-1004-A5CD-6F7A0E3FAB1A}.Debug|Any CPU.ActiveCfg = Debug|Any CPU
		{319EB391-C77B-1004-A5CD-6F7A0E3FAB1A}.Debug|Any CPU.Build.0 = Debug|Any CPU
		{319EB391-C77B-1004-A5CD-6F7A0E3FAB1A}.Release|Any CPU.ActiveCfg = Release|Any CPU
		{319EB391-C77B-1004-A5CD-6F7A0E3FAB1A}.Release|Any CPU.Build.0 = Release|Any CPU
	EndGlobalSection
	GlobalSection(SolutionProperties) = preSolution
		HideSolutionNode = FALSE
	EndGlobalSection
EndGlobal
